PODS:
  - AVOSCloud (11.0.0)
  - AVOSCloudIM (11.0.0):
    - AVOSCloud (= 11.0.0)
    - AVOSCloudIM/_ARC (= 11.0.0)
    - AVOSCloudIM/_NOARC (= 11.0.0)
  - AVOSCloudIM/_ARC (11.0.0):
    - AVOSCloud (= 11.0.0)
    - AVOSCloudIM/_NOARC (= 11.0.0)
  - AVOSCloudIM/_NOARC (11.0.0):
    - AVOSCloud (= 11.0.0)
  - CYLChatKit (2.1.8):
    - AVOSCloud (~> 11.0.0)
    - AVOSCloudIM (~> 11.0.0)
    - CYLDeallocBlockExecutor (~> 1.2.0)
    - CYLMWPhotoBrowser (~> 2.1.2-0.0.4)
    - DACircularProgress (~> 2.3.1)
    - FDStackView (~> 1.0)
    - FMDB (~> 2.6.2)
    - Masonry (~> 1.0.1)
    - MJRefresh (~> 3.1.9)
    - MLLabel (~> 1.10.5)
    - pop (~> 1.0.9)
    - "UITableView+FDTemplateLayoutCell (~> 1.5.beta)"
  - CYLDeallocBlockExecutor (1.2.0)
  - CYLMWPhotoBrowser (2.1.2-0.0.4):
    - DACircularProgress (~> 2.3.1)
    - MBProgressHUD (~> 1.1.0)
    - "SDWebImage (!= 3.7.2, ~> 4.4.1)"
  - CYLTabBarController (1.17.11)
  - DACircularProgress (2.3.1)
  - FDStackView (1.0.1)
  - FMDB (2.6.2):
    - FMDB/standard (= 2.6.2)
  - FMDB/standard (2.6.2)
  - FTPopOverMenu (1.3.2)
  - FXForms (1.2.14)
  - Masonry (1.0.2)
  - MBProgressHUD (1.1.0)
  - MJRefresh (3.1.15.3)
  - MLLabel (1.10.5)
  - MLPAutoCompleteTextField (1.5)
  - pop (1.0.10)
  - RedPacketAlipay (15.0.2)
  - RedpacketLib (3.4.1):
    - RedPacketAlipay
  - SDWebImage (4.4.1):
    - SDWebImage/Core (= 4.4.1)
  - SDWebImage/Core (4.4.1)
  - TWMessageBarManager (1.8.1)
  - "UITableView+FDTemplateLayoutCell (1.6)"

DEPENDENCIES:
  - CYLChatKit (from `../`)
  - CYLTabBarController (= 1.17.11)
  - FTPopOverMenu (= 1.3.2)
  - FXForms (= 1.2.14)
  - MLPAutoCompleteTextField (= 1.5)
  - RedpacketLib (= 3.4.1)
  - TWMessageBarManager (= 1.8.1)

SPEC REPOS:
  https://github.com/CocoaPods/Specs.git:
    - AVOSCloud
    - AVOSCloudIM
    - CYLDeallocBlockExecutor
    - CYLMWPhotoBrowser
    - CYLTabBarController
    - DACircularProgress
    - FDStackView
    - FMDB
    - FTPopOverMenu
    - FXForms
    - Masonry
    - MBProgressHUD
    - MJRefresh
    - MLLabel
    - MLPAutoCompleteTextField
    - pop
    - RedPacketAlipay
    - RedpacketLib
    - SDWebImage
    - TWMessageBarManager
    - "UITableView+FDTemplateLayoutCell"

EXTERNAL SOURCES:
  CYLChatKit:
    :path: "../"

SPEC CHECKSUMS:
  AVOSCloud: 8ffa848f5f7391fc7594d3671a29cd6f8a14cc2a
  AVOSCloudIM: 465af27feb394e50e1b09a7fd2da4645be340cdb
  CYLChatKit: 5e871a15766726b8cc0b0dc7a38970aa6acfda55
  CYLDeallocBlockExecutor: 1f8e904d846b8dadff88b2e5c2817df974cb63a9
  CYLMWPhotoBrowser: 6eca47c1c6156ab8a7566d3ba77483e043f57e08
  CYLTabBarController: b6e0574c2f5592edfbfc71a1b2be8dc0374cf11a
  DACircularProgress: 4dd437c0fc3da5161cb289e07ac449493d41db71
  FDStackView: fc0697e5be2022c8af36ce66e9e2061006058ba8
  FMDB: 854a0341b4726e53276f2a8996f06f1b80f9259a
  FTPopOverMenu: 4b412a331990fc1169c50104f1aa44b8cd4c5c4a
  FXForms: 724500c0c3f3eb3ba1004b3b83abcee55d3daf18
  Masonry: 7c429b56da9d4ee0bbb3ed77a5ea710d6a5df39e
  MBProgressHUD: e7baa36a220447d8aeb12769bf0585582f3866d9
  MJRefresh: b48380ae2b927b46c4ef000de9adb8dc748e1df7
  MLLabel: d76124055a2205e7f76878e62cd06ba925ba0c97
  MLPAutoCompleteTextField: ba4d507bbff2bd4f139d4197814fc8dd39caf77e
  pop: 82ca6b068ce9278fd350fd9dd09482a0ce9492e6
  RedPacketAlipay: a5de6db2e2671fc9255d6d396be869e3ba2f0489
  RedpacketLib: e15853d93ac35141a1247b6ad79d6acb731d8704
  SDWebImage: 47e9b5b925cbce75946c23f0c42dd19464189af4
  TWMessageBarManager: fd84e7948ba7968a2b5d9454859135761214ec56
  "UITableView+FDTemplateLayoutCell": 5c949b4a5059c404b442926c0e80f81d10a2d66f

PODFILE CHECKSUM: 0ff05b1ea5b3a932d7a6b1c15e7611d3d41aaf99

COCOAPODS: 1.5.0
